
Microsoft Visual Studio Solution File, Format Version 12.00
# Visual Studio Version 16
VisualStudioVersion = 16.0.30517.126
MinimumVisualStudioVersion = 10.0.40219.1
Project("{9A19103F-16F7-4668-BE54-9A1E7A4F7556}") = "IdentityServerAPI", "Identity\IdentityServerAPI.csproj", "{6507CDCD-CA7B-42B5-9999-FEBC472FA3F5}"
EndProject
Project("{9A19103F-16F7-4668-BE54-9A1E7A4F7556}") = "Data", "Domain\Data.csproj", "{C0849BDA-9E71-4BEC-80A7-A1DE7588B319}"
EndProject
Project("{9A19103F-16F7-4668-BE54-9A1E7A4F7556}") = "Ultilities", "Common\Ultilities.csproj", "{F7A2E4FE-B7FF-4A60-A09A-EB886E77CAFF}"
EndProject
Project("{9A19103F-16F7-4668-BE54-9A1E7A4F7556}") = "BusinessProducerAPI", "BusinessProducerAPI\BusinessProducerAPI.csproj", "{45E21549-5142-43DC-A6DE-8EE832D480AD}"
EndProject
Project("{2150E333-8FDC-42A3-9474-1A3956D46DE8}") = "Identity", "Identity", "{8CB7468D-B431-425F-83F1-FE65A8827657}"
EndProject
Project("{2150E333-8FDC-42A3-9474-1A3956D46DE8}") = "Domain", "Domain", "{416232A1-4DB5-46B6-A000-21DFCA9CDFD6}"
EndProject
Project("{2150E333-8FDC-42A3-9474-1A3956D46DE8}") = "Common", "Common", "{82E5B9DE-3B9B-464F-A00A-82E8552D5AAA}"
EndProject
Project("{2150E333-8FDC-42A3-9474-1A3956D46DE8}") = "Gateway", "Gateway", "{145FF472-9056-4115-9A52-0D8D4FA3B4FB}"
EndProject
Project("{2150E333-8FDC-42A3-9474-1A3956D46DE8}") = "Business", "Business", "{2F8BDE7D-1986-469D-B686-C64C0701B2DD}"
EndProject
Project("{FAE04EC0-301F-11D3-BF4B-00C04F79EFBC}") = "GatewayAPI", "GatewayAPI\GatewayAPI.csproj", "{B2D45AE0-75EF-4A2A-BC46-59E9CD13F550}"
EndProject
Global
	GlobalSection(SolutionConfigurationPlatforms) = preSolution
		Debug|Any CPU = Debug|Any CPU
		Release|Any CPU = Release|Any CPU
	EndGlobalSection
	GlobalSection(ProjectConfigurationPlatforms) = postSolution
		{6507CDCD-CA7B-42B5-9999-FEBC472FA3F5}.Debug|Any CPU.ActiveCfg = Debug|Any CPU
		{6507CDCD-CA7B-42B5-9999-FEBC472FA3F5}.Debug|Any CPU.Build.0 = Debug|Any CPU
		{6507CDCD-CA7B-42B5-9999-FEBC472FA3F5}.Release|Any CPU.ActiveCfg = Release|Any CPU
		{6507CDCD-CA7B-42B5-9999-FEBC472FA3F5}.Release|Any CPU.Build.0 = Release|Any CPU
		{C0849BDA-9E71-4BEC-80A7-A1DE7588B319}.Debug|Any CPU.ActiveCfg = Debug|Any CPU
		{C0849BDA-9E71-4BEC-80A7-A1DE7588B319}.Debug|Any CPU.Build.0 = Debug|Any CPU
		{C0849BDA-9E71-4BEC-80A7-A1DE7588B319}.Release|Any CPU.ActiveCfg = Release|Any CPU
		{C0849BDA-9E71-4BEC-80A7-A1DE7588B319}.Release|Any CPU.Build.0 = Release|Any CPU
		{F7A2E4FE-B7FF-4A60-A09A-EB886E77CAFF}.Debug|Any CPU.ActiveCfg = Debug|Any CPU
		{F7A2E4FE-B7FF-4A60-A09A-EB886E77CAFF}.Debug|Any CPU.Build.0 = Debug|Any CPU
		{F7A2E4FE-B7FF-4A60-A09A-EB886E77CAFF}.Release|Any CPU.ActiveCfg = Release|Any CPU
		{F7A2E4FE-B7FF-4A60-A09A-EB886E77CAFF}.Release|Any CPU.Build.0 = Release|Any CPU
		{45E21549-5142-43DC-A6DE-8EE832D480AD}.Debug|Any CPU.ActiveCfg = Debug|Any CPU
		{45E21549-5142-43DC-A6DE-8EE832D480AD}.Debug|Any CPU.Build.0 = Debug|Any CPU
		{45E21549-5142-43DC-A6DE-8EE832D480AD}.Release|Any CPU.ActiveCfg = Release|Any CPU
		{45E21549-5142-43DC-A6DE-8EE832D480AD}.Release|Any CPU.Build.0 = Release|Any CPU
		{B2D45AE0-75EF-4A2A-BC46-59E9CD13F550}.Debug|Any CPU.ActiveCfg = Debug|Any CPU
		{B2D45AE0-75EF-4A2A-BC46-59E9CD13F550}.Debug|Any CPU.Build.0 = Debug|Any CPU
		{B2D45AE0-75EF-4A2A-BC46-59E9CD13F550}.Release|Any CPU.ActiveCfg = Release|Any CPU
		{B2D45AE0-75EF-4A2A-BC46-59E9CD13F550}.Release|Any CPU.Build.0 = Release|Any CPU
	EndGlobalSection
	GlobalSection(SolutionProperties) = preSolution
		HideSolutionNode = FALSE
	EndGlobalSection
	GlobalSection(NestedProjects) = preSolution
		{6507CDCD-CA7B-42B5-9999-FEBC472FA3F5} = {8CB7468D-B431-425F-83F1-FE65A8827657}
		{C0849BDA-9E71-4BEC-80A7-A1DE7588B319} = {416232A1-4DB5-46B6-A000-21DFCA9CDFD6}
		{F7A2E4FE-B7FF-4A60-A09A-EB886E77CAFF} = {82E5B9DE-3B9B-464F-A00A-82E8552D5AAA}
		{45E21549-5142-43DC-A6DE-8EE832D480AD} = {2F8BDE7D-1986-469D-B686-C64C0701B2DD}
		{B2D45AE0-75EF-4A2A-BC46-59E9CD13F550} = {145FF472-9056-4115-9A52-0D8D4FA3B4FB}
	EndGlobalSection
	GlobalSection(ExtensibilityGlobals) = postSolution
		SolutionGuid = {F37912FF-DD24-4D84-93CB-A30BB3F685D0}
	EndGlobalSection
EndGlobal
