
Microsoft Visual Studio Solution File, Format Version 12.00
# Visual Studio Version 16
VisualStudioVersion = 16.0.30517.126
MinimumVisualStudioVersion = 10.0.40219.1
Project("{9A19103F-16F7-4668-BE54-9A1E7A4F7556}") = "IdentityServerAPI", "Identity\IdentityServerAPI.csproj", "{6507CDCD-CA7B-42B5-9999-FEBC472FA3F5}"
EndProject
Project("{9A19103F-16F7-4668-BE54-9A1E7A4F7556}") = "Data", "Domain\Data.csproj", "{C0849BDA-9E71-4BEC-80A7-A1DE7588B319}"
EndProject
Project("{9A19103F-16F7-4668-BE54-9A1E7A4F7556}") = "Ultilities", "Common\Ultilities.csproj", "{F7A2E4FE-B7FF-4A60-A09A-EB886E77CAFF}"
EndProject
Global
	GlobalSection(SolutionConfigurationPlatforms) = preSolution
		Debug|Any CPU = Debug|Any CPU
		Release|Any CPU = Release|Any CPU
	EndGlobalSection
	GlobalSection(ProjectConfigurationPlatforms) = postSolution
		{6507CDCD-CA7B-42B5-9999-FEBC472FA3F5}.Debug|Any CPU.ActiveCfg = Debug|Any CPU
		{6507CDCD-CA7B-42B5-9999-FEBC472FA3F5}.Debug|Any CPU.Build.0 = Debug|Any CPU
		{6507CDCD-CA7B-42B5-9999-FEBC472FA3F5}.Release|Any CPU.ActiveCfg = Release|Any CPU
		{6507CDCD-CA7B-42B5-9999-FEBC472FA3F5}.Release|Any CPU.Build.0 = Release|Any CPU
		{C0849BDA-9E71-4BEC-80A7-A1DE7588B319}.Debug|Any CPU.ActiveCfg = Debug|Any CPU
		{C0849BDA-9E71-4BEC-80A7-A1DE7588B319}.Debug|Any CPU.Build.0 = Debug|Any CPU
		{C0849BDA-9E71-4BEC-80A7-A1DE7588B319}.Release|Any CPU.ActiveCfg = Release|Any CPU
		{C0849BDA-9E71-4BEC-80A7-A1DE7588B319}.Release|Any CPU.Build.0 = Release|Any CPU
		{F7A2E4FE-B7FF-4A60-A09A-EB886E77CAFF}.Debug|Any CPU.ActiveCfg = Debug|Any CPU
		{F7A2E4FE-B7FF-4A60-A09A-EB886E77CAFF}.Debug|Any CPU.Build.0 = Debug|Any CPU
		{F7A2E4FE-B7FF-4A60-A09A-EB886E77CAFF}.Release|Any CPU.ActiveCfg = Release|Any CPU
		{F7A2E4FE-B7FF-4A60-A09A-EB886E77CAFF}.Release|Any CPU.Build.0 = Release|Any CPU
	EndGlobalSection
	GlobalSection(SolutionProperties) = preSolution
		HideSolutionNode = FALSE
	EndGlobalSection
	GlobalSection(ExtensibilityGlobals) = postSolution
		SolutionGuid = {F37912FF-DD24-4D84-93CB-A30BB3F685D0}
	EndGlobalSection
EndGlobal
